
Microsoft Visual Studio Solution File, Format Version 12.00
# Visual Studio Version 17
VisualStudioVersion = 17.10.35027.167
MinimumVisualStudioVersion = 10.0.40219.1
Project("{FAE04EC0-301F-11D3-BF4B-00C04F79EFBC}") = "Mandiluve", "Mandiluve\Mandiluve.csproj", "{ED726022-7134-4923-B5F0-A230734320CE}"
EndProject
Global
	GlobalSection(SolutionConfigurationPlatforms) = preSolution
		Debug|Any CPU = Debug|Any CPU
		Release|Any CPU = Release|Any CPU
	EndGlobalSection
	GlobalSection(ProjectConfigurationPlatforms) = postSolution
		{ED726022-7134-4923-B5F0-A230734320CE}.Debug|Any CPU.ActiveCfg = Debug|Any CPU
		{ED726022-7134-4923-B5F0-A230734320CE}.Debug|Any CPU.Build.0 = Debug|Any CPU
		{ED726022-7134-4923-B5F0-A230734320CE}.Release|Any CPU.ActiveCfg = Release|Any CPU
		{ED726022-7134-4923-B5F0-A230734320CE}.Release|Any CPU.Build.0 = Release|Any CPU
	EndGlobalSection
	GlobalSection(SolutionProperties) = preSolution
		HideSolutionNode = FALSE
	EndGlobalSection
	GlobalSection(ExtensibilityGlobals) = postSolution
		SolutionGuid = {2ADA04D9-D80A-4EAC-ACDA-22F34E59CD21}
	EndGlobalSection
EndGlobal
